
Microsoft Visual Studio Solution File, Format Version 12.00
# Visual Studio Version 17
VisualStudioVersion = 17.3.32728.150
MinimumVisualStudioVersion = 10.0.40219.1
Project("{FAE04EC0-301F-11D3-BF4B-00C04F79EFBC}") = "ContinuacaoIfElse", "ContinuacaoIfElse.csproj", "{C64B46DA-0F26-4B2D-959F-27E7255547F2}"
EndProject
Global
	GlobalSection(SolutionConfigurationPlatforms) = preSolution
		Debug|Any CPU = Debug|Any CPU
		Release|Any CPU = Release|Any CPU
	EndGlobalSection
	GlobalSection(ProjectConfigurationPlatforms) = postSolution
		{C64B46DA-0F26-4B2D-959F-27E7255547F2}.Debug|Any CPU.ActiveCfg = Debug|Any CPU
		{C64B46DA-0F26-4B2D-959F-27E7255547F2}.Debug|Any CPU.Build.0 = Debug|Any CPU
		{C64B46DA-0F26-4B2D-959F-27E7255547F2}.Release|Any CPU.ActiveCfg = Release|Any CPU
		{C64B46DA-0F26-4B2D-959F-27E7255547F2}.Release|Any CPU.Build.0 = Release|Any CPU
	EndGlobalSection
	GlobalSection(SolutionProperties) = preSolution
		HideSolutionNode = FALSE
	EndGlobalSection
	GlobalSection(ExtensibilityGlobals) = postSolution
		SolutionGuid = {74E16624-B920-48EA-B96E-ACF17FA8136F}
	EndGlobalSection
EndGlobal
