
Microsoft Visual Studio Solution File, Format Version 12.00
# Visual Studio Version 17
VisualStudioVersion = 17.3.32728.150
MinimumVisualStudioVersion = 10.0.40219.1
Project("{FAE04EC0-301F-11D3-BF4B-00C04F79EFBC}") = "LogicaIfElse", "LogicaIfElse.csproj", "{FE61C7ED-C03D-48E1-BA1E-C7700333CDC5}"
EndProject
Global
	GlobalSection(SolutionConfigurationPlatforms) = preSolution
		Debug|Any CPU = Debug|Any CPU
		Release|Any CPU = Release|Any CPU
	EndGlobalSection
	GlobalSection(ProjectConfigurationPlatforms) = postSolution
		{FE61C7ED-C03D-48E1-BA1E-C7700333CDC5}.Debug|Any CPU.ActiveCfg = Debug|Any CPU
		{FE61C7ED-C03D-48E1-BA1E-C7700333CDC5}.Debug|Any CPU.Build.0 = Debug|Any CPU
		{FE61C7ED-C03D-48E1-BA1E-C7700333CDC5}.Release|Any CPU.ActiveCfg = Release|Any CPU
		{FE61C7ED-C03D-48E1-BA1E-C7700333CDC5}.Release|Any CPU.Build.0 = Release|Any CPU
	EndGlobalSection
	GlobalSection(SolutionProperties) = preSolution
		HideSolutionNode = FALSE
	EndGlobalSection
	GlobalSection(ExtensibilityGlobals) = postSolution
		SolutionGuid = {07A5EB61-9146-48F6-96D8-A8CC724089E0}
	EndGlobalSection
EndGlobal
