
Microsoft Visual Studio Solution File, Format Version 12.00
# Visual Studio Version 17
VisualStudioVersion = 17.3.32728.150
MinimumVisualStudioVersion = 10.0.40219.1
Project("{FAE04EC0-301F-11D3-BF4B-00C04F79EFBC}") = "LogicaAula1", "LogicaAula1.csproj", "{145E6073-9289-4513-AC17-372874802E11}"
EndProject
Global
	GlobalSection(SolutionConfigurationPlatforms) = preSolution
		Debug|Any CPU = Debug|Any CPU
		Release|Any CPU = Release|Any CPU
	EndGlobalSection
	GlobalSection(ProjectConfigurationPlatforms) = postSolution
		{145E6073-9289-4513-AC17-372874802E11}.Debug|Any CPU.ActiveCfg = Debug|Any CPU
		{145E6073-9289-4513-AC17-372874802E11}.Debug|Any CPU.Build.0 = Debug|Any CPU
		{145E6073-9289-4513-AC17-372874802E11}.Release|Any CPU.ActiveCfg = Release|Any CPU
		{145E6073-9289-4513-AC17-372874802E11}.Release|Any CPU.Build.0 = Release|Any CPU
	EndGlobalSection
	GlobalSection(SolutionProperties) = preSolution
		HideSolutionNode = FALSE
	EndGlobalSection
	GlobalSection(ExtensibilityGlobals) = postSolution
		SolutionGuid = {E452B8A7-5D0F-4FCC-95DB-5879DE0BBB6D}
	EndGlobalSection
EndGlobal
